
Microsoft Visual Studio Solution File, Format Version 12.00
# Visual Studio Version 16
VisualStudioVersion = 16.0.30907.101
MinimumVisualStudioVersion = 10.0.40219.1
Project("{FAE04EC0-301F-11D3-BF4B-00C04F79EFBC}") = "TP1ConsumBankWebService", "TP1ConsumBankWebService.csproj", "{77AA63BD-3581-4DA5-949A-768A6E7AB7D4}"
EndProject
Global
	GlobalSection(SolutionConfigurationPlatforms) = preSolution
		Debug|Any CPU = Debug|Any CPU
		Release|Any CPU = Release|Any CPU
	EndGlobalSection
	GlobalSection(ProjectConfigurationPlatforms) = postSolution
		{77AA63BD-3581-4DA5-949A-768A6E7AB7D4}.Debug|Any CPU.ActiveCfg = Debug|Any CPU
		{77AA63BD-3581-4DA5-949A-768A6E7AB7D4}.Debug|Any CPU.Build.0 = Debug|Any CPU
		{77AA63BD-3581-4DA5-949A-768A6E7AB7D4}.Release|Any CPU.ActiveCfg = Release|Any CPU
		{77AA63BD-3581-4DA5-949A-768A6E7AB7D4}.Release|Any CPU.Build.0 = Release|Any CPU
	EndGlobalSection
	GlobalSection(SolutionProperties) = preSolution
		HideSolutionNode = FALSE
	EndGlobalSection
	GlobalSection(ExtensibilityGlobals) = postSolution
		SolutionGuid = {F800160A-FB32-4123-A6FB-057B439F223F}
	EndGlobalSection
EndGlobal
